
Microsoft Visual Studio Solution File, Format Version 12.00
# Visual Studio Version 17
VisualStudioVersion = 17.6.33712.159
MinimumVisualStudioVersion = 10.0.40219.1
Project("{9A19103F-16F7-4668-BE54-9A1E7A4F7556}") = "GeneratorX", "GeneratorX\GeneratorX.csproj", "{6017B483-D548-4926-824F-EBBEE765C1A9}"
EndProject
Project("{9A19103F-16F7-4668-BE54-9A1E7A4F7556}") = "CmsX", "CmsX\CmsX.csproj", "{76070877-7C50-4470-AD65-8310E25A4AB3}"
EndProject
Project("{9A19103F-16F7-4668-BE54-9A1E7A4F7556}") = "ReCaptchaX", "ReCaptchaX\ReCaptchaX.csproj", "{212BC1F5-9F30-44E2-BC70-26E7C254A34E}"
EndProject
Global
	GlobalSection(SolutionConfigurationPlatforms) = preSolution
		Debug|Any CPU = Debug|Any CPU
		Release|Any CPU = Release|Any CPU
	EndGlobalSection
	GlobalSection(ProjectConfigurationPlatforms) = postSolution
		{6017B483-D548-4926-824F-EBBEE765C1A9}.Debug|Any CPU.ActiveCfg = Debug|Any CPU
		{6017B483-D548-4926-824F-EBBEE765C1A9}.Debug|Any CPU.Build.0 = Debug|Any CPU
		{6017B483-D548-4926-824F-EBBEE765C1A9}.Release|Any CPU.ActiveCfg = Release|Any CPU
		{6017B483-D548-4926-824F-EBBEE765C1A9}.Release|Any CPU.Build.0 = Release|Any CPU
		{76070877-7C50-4470-AD65-8310E25A4AB3}.Debug|Any CPU.ActiveCfg = Debug|Any CPU
		{76070877-7C50-4470-AD65-8310E25A4AB3}.Debug|Any CPU.Build.0 = Debug|Any CPU
		{76070877-7C50-4470-AD65-8310E25A4AB3}.Release|Any CPU.ActiveCfg = Release|Any CPU
		{76070877-7C50-4470-AD65-8310E25A4AB3}.Release|Any CPU.Build.0 = Release|Any CPU
		{212BC1F5-9F30-44E2-BC70-26E7C254A34E}.Debug|Any CPU.ActiveCfg = Debug|Any CPU
		{212BC1F5-9F30-44E2-BC70-26E7C254A34E}.Debug|Any CPU.Build.0 = Debug|Any CPU
		{212BC1F5-9F30-44E2-BC70-26E7C254A34E}.Release|Any CPU.ActiveCfg = Release|Any CPU
		{212BC1F5-9F30-44E2-BC70-26E7C254A34E}.Release|Any CPU.Build.0 = Release|Any CPU
	EndGlobalSection
	GlobalSection(SolutionProperties) = preSolution
		HideSolutionNode = FALSE
	EndGlobalSection
	GlobalSection(ExtensibilityGlobals) = postSolution
		SolutionGuid = {56798933-69D2-4625-955F-EB4BC0A0A98B}
	EndGlobalSection
EndGlobal
